
Microsoft Visual Studio Solution File, Format Version 12.00
# Visual Studio 15
VisualStudioVersion = 15.0.28307.779
MinimumVisualStudioVersion = 10.0.40219.1
Project("{FAE04EC0-301F-11D3-BF4B-00C04F79EFBC}") = "FTDI_MPSSE_SPI_Test", "FTDI_MPSSE_SPI_Test\FTDI_MPSSE_SPI_Test.csproj", "{C6C9574A-F166-4F1C-B917-FA5DD04B2FCA}"
EndProject
Global
	GlobalSection(SolutionConfigurationPlatforms) = preSolution
		Debug|Any CPU = Debug|Any CPU
		Release|Any CPU = Release|Any CPU
	EndGlobalSection
	GlobalSection(ProjectConfigurationPlatforms) = postSolution
		{C6C9574A-F166-4F1C-B917-FA5DD04B2FCA}.Debug|Any CPU.ActiveCfg = Debug|Any CPU
		{C6C9574A-F166-4F1C-B917-FA5DD04B2FCA}.Debug|Any CPU.Build.0 = Debug|Any CPU
		{C6C9574A-F166-4F1C-B917-FA5DD04B2FCA}.Release|Any CPU.ActiveCfg = Release|Any CPU
		{C6C9574A-F166-4F1C-B917-FA5DD04B2FCA}.Release|Any CPU.Build.0 = Release|Any CPU
	EndGlobalSection
	GlobalSection(SolutionProperties) = preSolution
		HideSolutionNode = FALSE
	EndGlobalSection
	GlobalSection(ExtensibilityGlobals) = postSolution
		SolutionGuid = {0F34AE41-E453-419E-9448-829D110BA3C6}
	EndGlobalSection
EndGlobal
